
Microsoft Visual Studio Solution File, Format Version 12.00
# Visual Studio 15
VisualStudioVersion = 15.0.27703.2047
MinimumVisualStudioVersion = 10.0.40219.1
Project("{FAE04EC0-301F-11D3-BF4B-00C04F79EFBC}") = "ASP-MVC", "ASP-MVC\ASP-MVC.csproj", "{0ADEE3E9-73DD-441C-9704-81179BA1B2A6}"
EndProject
Global
	GlobalSection(SolutionConfigurationPlatforms) = preSolution
		Debug|Any CPU = Debug|Any CPU
		Release|Any CPU = Release|Any CPU
	EndGlobalSection
	GlobalSection(ProjectConfigurationPlatforms) = postSolution
		{0ADEE3E9-73DD-441C-9704-81179BA1B2A6}.Debug|Any CPU.ActiveCfg = Debug|Any CPU
		{0ADEE3E9-73DD-441C-9704-81179BA1B2A6}.Debug|Any CPU.Build.0 = Debug|Any CPU
		{0ADEE3E9-73DD-441C-9704-81179BA1B2A6}.Release|Any CPU.ActiveCfg = Release|Any CPU
		{0ADEE3E9-73DD-441C-9704-81179BA1B2A6}.Release|Any CPU.Build.0 = Release|Any CPU
	EndGlobalSection
	GlobalSection(SolutionProperties) = preSolution
		HideSolutionNode = FALSE
	EndGlobalSection
	GlobalSection(ExtensibilityGlobals) = postSolution
		SolutionGuid = {6101458F-B2E0-42E7-B143-EE97A43C6E01}
	EndGlobalSection
EndGlobal
